
Microsoft Visual Studio Solution File, Format Version 12.00
# Visual Studio Version 16
VisualStudioVersion = 16.0.31729.503
MinimumVisualStudioVersion = 10.0.40219.1
Project("{FAE04EC0-301F-11D3-BF4B-00C04F79EFBC}") = "POSK2", "POSK2.csproj", "{ACF26BB1-8507-4520-9E33-A122DC397F23}"
EndProject
Global
	GlobalSection(SolutionConfigurationPlatforms) = preSolution
		Debug|Any CPU = Debug|Any CPU
		Release|Any CPU = Release|Any CPU
	EndGlobalSection
	GlobalSection(ProjectConfigurationPlatforms) = postSolution
		{ACF26BB1-8507-4520-9E33-A122DC397F23}.Debug|Any CPU.ActiveCfg = Debug|Any CPU
		{ACF26BB1-8507-4520-9E33-A122DC397F23}.Debug|Any CPU.Build.0 = Debug|Any CPU
		{ACF26BB1-8507-4520-9E33-A122DC397F23}.Release|Any CPU.ActiveCfg = Release|Any CPU
		{ACF26BB1-8507-4520-9E33-A122DC397F23}.Release|Any CPU.Build.0 = Release|Any CPU
	EndGlobalSection
	GlobalSection(SolutionProperties) = preSolution
		HideSolutionNode = FALSE
	EndGlobalSection
	GlobalSection(ExtensibilityGlobals) = postSolution
		SolutionGuid = {BB4DC3B4-EFE2-4AAF-AC35-CE30154633D9}
	EndGlobalSection
EndGlobal
